dependencies:
  espressif/esp_tinyusb:
    component_hash: 68acc21eb256091ce949605bd6f5ec0ec90a7d05536c06b104de520ee7e2e146
    source:
      service_url: https://api.components.espressif.com/
      type: service
    version: 1.4.0
  espressif/tinyusb:
    component_hash: d8d4686eb539a8c9b3689c07df119113ffc2c438606cc633c56aa335fc2e9579
    source:
      service_url: https://api.components.espressif.com/
      type: service
    version: 0.15.0~2
  idf:
    component_hash: null
    source:
      type: idf
    version: 5.1.1
manifest_hash: c303dbd840e0549311e5e896c5c6cd8b947bcfd99febcdae64b08facea506735
target: esp32s2
version: 1.0.0
